
Microsoft Visual Studio Solution File, Format Version 12.00
# Visual Studio Version 16
VisualStudioVersion = 16.0.29806.167
MinimumVisualStudioVersion = 10.0.40219.1
Project("{FAE04EC0-301F-11D3-BF4B-00C04F79EFBC}") = "DailyReport", "DailyReport\DailyReport.csproj", "{EAB710DB-562C-47F7-86AE-3919DA34B619}"
EndProject
Global
	GlobalSection(SolutionConfigurationPlatforms) = preSolution
		Debug|Any CPU = Debug|Any CPU
		Release|Any CPU = Release|Any CPU
	EndGlobalSection
	GlobalSection(ProjectConfigurationPlatforms) = postSolution
		{EAB710DB-562C-47F7-86AE-3919DA34B619}.Debug|Any CPU.ActiveCfg = Debug|Any CPU
		{EAB710DB-562C-47F7-86AE-3919DA34B619}.Debug|Any CPU.Build.0 = Debug|Any CPU
		{EAB710DB-562C-47F7-86AE-3919DA34B619}.Release|Any CPU.ActiveCfg = Release|Any CPU
		{EAB710DB-562C-47F7-86AE-3919DA34B619}.Release|Any CPU.Build.0 = Release|Any CPU
	EndGlobalSection
	GlobalSection(SolutionProperties) = preSolution
		HideSolutionNode = FALSE
	EndGlobalSection
	GlobalSection(ExtensibilityGlobals) = postSolution
		SolutionGuid = {7F978F88-9F60-4BD8-AC51-9A325EAA10F4}
	EndGlobalSection
EndGlobal
