
Microsoft Visual Studio Solution File, Format Version 12.00
# Visual Studio Version 16
VisualStudioVersion = 16.0.29911.84
MinimumVisualStudioVersion = 10.0.40219.1
Project("{FAE04EC0-301F-11D3-BF4B-00C04F79EFBC}") = "QuitTableApp", "QuitTableApp\QuitTableApp.csproj", "{2A47045B-D05F-4FBB-9FA2-E83C20DF21A9}"
EndProject
Global
	GlobalSection(SolutionConfigurationPlatforms) = preSolution
		Debug|Any CPU = Debug|Any CPU
		Release|Any CPU = Release|Any CPU
	EndGlobalSection
	GlobalSection(ProjectConfigurationPlatforms) = postSolution
		{2A47045B-D05F-4FBB-9FA2-E83C20DF21A9}.Debug|Any CPU.ActiveCfg = Debug|Any CPU
		{2A47045B-D05F-4FBB-9FA2-E83C20DF21A9}.Debug|Any CPU.Build.0 = Debug|Any CPU
		{2A47045B-D05F-4FBB-9FA2-E83C20DF21A9}.Release|Any CPU.ActiveCfg = Release|Any CPU
		{2A47045B-D05F-4FBB-9FA2-E83C20DF21A9}.Release|Any CPU.Build.0 = Release|Any CPU
	EndGlobalSection
	GlobalSection(SolutionProperties) = preSolution
		HideSolutionNode = FALSE
	EndGlobalSection
	GlobalSection(ExtensibilityGlobals) = postSolution
		SolutionGuid = {A0B1C62D-19E2-4EBA-AE9A-EC104F8DEDEA}
	EndGlobalSection
EndGlobal
