
Microsoft Visual Studio Solution File, Format Version 12.00
# Visual Studio Version 16
VisualStudioVersion = 16.0.29806.167
MinimumVisualStudioVersion = 10.0.40219.1
Project("{FAE04EC0-301F-11D3-BF4B-00C04F79EFBC}") = "ApproveInsurance", "ApproveInsurance\ApproveInsurance.csproj", "{1BE83E6F-D580-4B60-957C-435E162FBC92}"
EndProject
Global
	GlobalSection(SolutionConfigurationPlatforms) = preSolution
		Debug|Any CPU = Debug|Any CPU
		Release|Any CPU = Release|Any CPU
	EndGlobalSection
	GlobalSection(ProjectConfigurationPlatforms) = postSolution
		{1BE83E6F-D580-4B60-957C-435E162FBC92}.Debug|Any CPU.ActiveCfg = Debug|Any CPU
		{1BE83E6F-D580-4B60-957C-435E162FBC92}.Debug|Any CPU.Build.0 = Debug|Any CPU
		{1BE83E6F-D580-4B60-957C-435E162FBC92}.Release|Any CPU.ActiveCfg = Release|Any CPU
		{1BE83E6F-D580-4B60-957C-435E162FBC92}.Release|Any CPU.Build.0 = Release|Any CPU
	EndGlobalSection
	GlobalSection(SolutionProperties) = preSolution
		HideSolutionNode = FALSE
	EndGlobalSection
	GlobalSection(ExtensibilityGlobals) = postSolution
		SolutionGuid = {DB23311A-030F-4A32-B5BD-5C0F2ABD401A}
	EndGlobalSection
EndGlobal
