
Microsoft Visual Studio Solution File, Format Version 12.00
# Visual Studio Version 16
VisualStudioVersion = 16.0.30011.22
MinimumVisualStudioVersion = 10.0.40219.1
Project("{FAE04EC0-301F-11D3-BF4B-00C04F79EFBC}") = "VarChainConst", "VarChainConst\VarChainConst.csproj", "{9F7A8F18-3EB4-438F-8D2B-4C1AF4AF0B66}"
EndProject
Global
	GlobalSection(SolutionConfigurationPlatforms) = preSolution
		Debug|Any CPU = Debug|Any CPU
		Release|Any CPU = Release|Any CPU
	EndGlobalSection
	GlobalSection(ProjectConfigurationPlatforms) = postSolution
		{9F7A8F18-3EB4-438F-8D2B-4C1AF4AF0B66}.Debug|Any CPU.ActiveCfg = Debug|Any CPU
		{9F7A8F18-3EB4-438F-8D2B-4C1AF4AF0B66}.Debug|Any CPU.Build.0 = Debug|Any CPU
		{9F7A8F18-3EB4-438F-8D2B-4C1AF4AF0B66}.Release|Any CPU.ActiveCfg = Release|Any CPU
		{9F7A8F18-3EB4-438F-8D2B-4C1AF4AF0B66}.Release|Any CPU.Build.0 = Release|Any CPU
	EndGlobalSection
	GlobalSection(SolutionProperties) = preSolution
		HideSolutionNode = FALSE
	EndGlobalSection
	GlobalSection(ExtensibilityGlobals) = postSolution
		SolutionGuid = {1DD13E34-6CBE-4BF1-B802-F67BA1BCD31A}
	EndGlobalSection
EndGlobal
