
Microsoft Visual Studio Solution File, Format Version 12.00
# Visual Studio Version 16
VisualStudioVersion = 16.0.29905.134
MinimumVisualStudioVersion = 10.0.40219.1
Project("{FAE04EC0-301F-11D3-BF4B-00C04F79EFBC}") = "VoidMethod", "VoidMethod\VoidMethod.csproj", "{F114FC0A-A351-49BE-895F-A231C3215216}"
EndProject
Global
	GlobalSection(SolutionConfigurationPlatforms) = preSolution
		Debug|Any CPU = Debug|Any CPU
		Release|Any CPU = Release|Any CPU
	EndGlobalSection
	GlobalSection(ProjectConfigurationPlatforms) = postSolution
		{F114FC0A-A351-49BE-895F-A231C3215216}.Debug|Any CPU.ActiveCfg = Debug|Any CPU
		{F114FC0A-A351-49BE-895F-A231C3215216}.Debug|Any CPU.Build.0 = Debug|Any CPU
		{F114FC0A-A351-49BE-895F-A231C3215216}.Release|Any CPU.ActiveCfg = Release|Any CPU
		{F114FC0A-A351-49BE-895F-A231C3215216}.Release|Any CPU.Build.0 = Release|Any CPU
	EndGlobalSection
	GlobalSection(SolutionProperties) = preSolution
		HideSolutionNode = FALSE
	EndGlobalSection
	GlobalSection(ExtensibilityGlobals) = postSolution
		SolutionGuid = {FF384F4B-BD9C-4286-8ECA-1CF7274B9571}
	EndGlobalSection
EndGlobal
