
Microsoft Visual Studio Solution File, Format Version 12.00
# Visual Studio Version 16
VisualStudioVersion = 16.0.29905.134
MinimumVisualStudioVersion = 10.0.40219.1
Project("{FAE04EC0-301F-11D3-BF4B-00C04F79EFBC}") = "InstantiateMethodApp", "InstantiateMethodApp\InstantiateMethodApp.csproj", "{13A57234-73D5-4927-9AA5-4167B4501AEB}"
EndProject
Global
	GlobalSection(SolutionConfigurationPlatforms) = preSolution
		Debug|Any CPU = Debug|Any CPU
		Release|Any CPU = Release|Any CPU
	EndGlobalSection
	GlobalSection(ProjectConfigurationPlatforms) = postSolution
		{13A57234-73D5-4927-9AA5-4167B4501AEB}.Debug|Any CPU.ActiveCfg = Debug|Any CPU
		{13A57234-73D5-4927-9AA5-4167B4501AEB}.Debug|Any CPU.Build.0 = Debug|Any CPU
		{13A57234-73D5-4927-9AA5-4167B4501AEB}.Release|Any CPU.ActiveCfg = Release|Any CPU
		{13A57234-73D5-4927-9AA5-4167B4501AEB}.Release|Any CPU.Build.0 = Release|Any CPU
	EndGlobalSection
	GlobalSection(SolutionProperties) = preSolution
		HideSolutionNode = FALSE
	EndGlobalSection
	GlobalSection(ExtensibilityGlobals) = postSolution
		SolutionGuid = {8BBD73AC-D1C9-4FB1-B4CE-8A07D2BFAC23}
	EndGlobalSection
EndGlobal
